
Microsoft Visual Studio Solution File, Format Version 12.00
# Visual Studio Version 17
VisualStudioVersion = 17.1.32407.343
MinimumVisualStudioVersion = 10.0.40219.1
Project("{FAE04EC0-301F-11D3-BF4B-00C04F79EFBC}") = "QLCH", "QLCH\QLCH.csproj", "{50F44E52-A58D-4B3F-A01F-E477CB4B3734}"
EndProject
Global
	GlobalSection(SolutionConfigurationPlatforms) = preSolution
		Debug|Any CPU = Debug|Any CPU
		Release|Any CPU = Release|Any CPU
	EndGlobalSection
	GlobalSection(ProjectConfigurationPlatforms) = postSolution
		{50F44E52-A58D-4B3F-A01F-E477CB4B3734}.Debug|Any CPU.ActiveCfg = Debug|Any CPU
		{50F44E52-A58D-4B3F-A01F-E477CB4B3734}.Debug|Any CPU.Build.0 = Debug|Any CPU
		{50F44E52-A58D-4B3F-A01F-E477CB4B3734}.Release|Any CPU.ActiveCfg = Release|Any CPU
		{50F44E52-A58D-4B3F-A01F-E477CB4B3734}.Release|Any CPU.Build.0 = Release|Any CPU
	EndGlobalSection
	GlobalSection(SolutionProperties) = preSolution
		HideSolutionNode = FALSE
	EndGlobalSection
	GlobalSection(ExtensibilityGlobals) = postSolution
		SolutionGuid = {F0B4B25B-7048-47FB-A92B-885DC4478D38}
	EndGlobalSection
EndGlobal
